{
  "name": "@stayer/framework",
  "version": "0.0.2",
  "lockfileVersion": 1,
  "requires": true,
  "dependencies": {
    "@stayer/engine": {
      "version": "0.0.3",
      "resolved": "https://registry.npmjs.org/@stayer/engine/-/engine-0.0.3.tgz",
      "integrity": "sha512-PnOBikLzAHjAJ3wwfZFg6NWlPj/BIgRUGQkn5x8z1pVZZlHmNhqbfyb+GgR3ouTocfu2ZbfBxBJpflVjL3yFew==",
      "requires": {
        "@stayer/interfaces": "0.0.14"
      }
    },
    "@stayer/injection": {
      "version": "0.0.6",
      "resolved": "https://registry.npmjs.org/@stayer/injection/-/injection-0.0.6.tgz",
      "integrity": "sha512-DX6clX1lXDeLr6TqR+7Rw5oANM+vPmCIPXoKqxB0Y34DWKRpLBCYru1yD/Adc5Jg/fl9nYzyXYu7ZCJFY1rGkg==",
      "requires": {
        "@stayer/interfaces": "0.0.11",
        "reflect-metadata": "0.1.12",
        "rxjs": "5.5.6"
      },
      "dependencies": {
        "@stayer/interfaces": {
          "version": "0.0.11",
          "resolved": "https://registry.npmjs.org/@stayer/interfaces/-/interfaces-0.0.11.tgz",
          "integrity": "sha512-YBP1x6yaT6LiRS3q14ZY0N97lNDtV7/LoKL4IApZ5qlEsIKdgiWkv+FmZ7Uqbh5bOYcFSfh1SAVAW3VuhVvNtQ==",
          "requires": {
            "rxjs": "5.5.6"
          }
        }
      }
    },
    "@stayer/interfaces": {
      "version": "0.0.14",
      "resolved": "https://registry.npmjs.org/@stayer/interfaces/-/interfaces-0.0.14.tgz",
      "integrity": "sha512-HweMvMBdsPqiOw7myrD8p+eYzFMWyZJzTmf0jtKFCUq4aaUlL1DgWX5hmXXX0P+eGYU0VR82iVVHe1aeLKWw7g==",
      "requires": {
        "@types/node": "9.4.5",
        "rxjs": "5.5.6"
      }
    },
    "@stayer/routing": {
      "version": "0.0.11",
      "resolved": "https://registry.npmjs.org/@stayer/routing/-/routing-0.0.11.tgz",
      "integrity": "sha512-r35jnFgkIFb68iw2VaRA8y25YXILo0EwqtAOHOcj2DIxzyaocIsSyCKDcEeaWQ+CFavgK0sNiP1C6n4ovY8mAw==",
      "requires": {
        "@stayer/interfaces": "0.0.14",
        "reflect-metadata": "0.1.12",
        "rxjs": "5.5.6"
      }
    },
    "@types/node": {
      "version": "9.4.5",
      "resolved": "https://registry.npmjs.org/@types/node/-/node-9.4.5.tgz",
      "integrity": "sha512-DvC7bzO5797bkApgukxouHmkOdYN2D0yL5olw0RncDpXUa6n39qTVsUi/5g2QJjPgl8qn4zh+4h0sofNoWGLRg=="
    },
    "reflect-metadata": {
      "version": "0.1.12",
      "resolved": "https://registry.npmjs.org/reflect-metadata/-/reflect-metadata-0.1.12.tgz",
      "integrity": "sha512-n+IyV+nGz3+0q3/Yf1ra12KpCyi001bi4XFxSjbiWWjfqb52iTTtpGXmCCAOWWIAn9KEuFZKGqBERHmrtScZ3A=="
    },
    "rxjs": {
      "version": "5.5.6",
      "resolved": "https://registry.npmjs.org/rxjs/-/rxjs-5.5.6.tgz",
      "integrity": "sha512-v4Q5HDC0FHAQ7zcBX7T2IL6O5ltl1a2GX4ENjPXg6SjDY69Cmx9v4113C99a4wGF16ClPv5Z8mghuYorVkg/kg==",
      "requires": {
        "symbol-observable": "1.0.1"
      }
    },
    "symbol-observable": {
      "version": "1.0.1",
      "resolved": "https://registry.npmjs.org/symbol-observable/-/symbol-observable-1.0.1.tgz",
      "integrity": "sha1-g0D8RwLDEi310iKI+IKD9RPT/dQ="
    },
    "typescript": {
      "version": "2.7.1",
      "resolved": "https://registry.npmjs.org/typescript/-/typescript-2.7.1.tgz",
      "integrity": "sha512-bqB1yS6o9TNA9ZC/MJxM0FZzPnZdtHj0xWK/IZ5khzVqdpGul/R/EIiHRgFXlwTD7PSIaYVnGKq1QgMCu2mnqw==",
      "dev": true
    }
  }
}
